
Microsoft Visual Studio Solution File, Format Version 12.00
# Visual Studio Version 16
VisualStudioVersion = 16.0.32106.194
MinimumVisualStudioVersion = 10.0.40219.1
Project("{FAE04EC0-301F-11D3-BF4B-00C04F79EFBC}") = "WebThietBi", "WebThietBi.csproj", "{4717BD2D-FF43-4415-B7EA-E24CC9B612BC}"
EndProject
Global
	GlobalSection(SolutionConfigurationPlatforms) = preSolution
		Debug|Any CPU = Debug|Any CPU
		Release|Any CPU = Release|Any CPU
	EndGlobalSection
	GlobalSection(ProjectConfigurationPlatforms) = postSolution
		{4717BD2D-FF43-4415-B7EA-E24CC9B612BC}.Debug|Any CPU.ActiveCfg = Debug|Any CPU
		{4717BD2D-FF43-4415-B7EA-E24CC9B612BC}.Debug|Any CPU.Build.0 = Debug|Any CPU
		{4717BD2D-FF43-4415-B7EA-E24CC9B612BC}.Release|Any CPU.ActiveCfg = Release|Any CPU
		{4717BD2D-FF43-4415-B7EA-E24CC9B612BC}.Release|Any CPU.Build.0 = Release|Any CPU
	EndGlobalSection
	GlobalSection(SolutionProperties) = preSolution
		HideSolutionNode = FALSE
	EndGlobalSection
	GlobalSection(ExtensibilityGlobals) = postSolution
		SolutionGuid = {8014E38B-E7B9-4428-B2ED-1AF567F3274F}
	EndGlobalSection
EndGlobal
